
Microsoft Visual Studio Solution File, Format Version 12.00
# Visual Studio Version 16
VisualStudioVersion = 16.0.33214.272
MinimumVisualStudioVersion = 10.0.40219.1
Project("{FAE04EC0-301F-11D3-BF4B-00C04F79EFBC}") = "Palestra", "Palestra\Palestra.csproj", "{3BA6E0DB-CFB0-449B-8421-C5973F87A249}"
EndProject
Global
	GlobalSection(SolutionConfigurationPlatforms) = preSolution
		Debug|Any CPU = Debug|Any CPU
		Release|Any CPU = Release|Any CPU
	EndGlobalSection
	GlobalSection(ProjectConfigurationPlatforms) = postSolution
		{3BA6E0DB-CFB0-449B-8421-C5973F87A249}.Debug|Any CPU.ActiveCfg = Debug|Any CPU
		{3BA6E0DB-CFB0-449B-8421-C5973F87A249}.Debug|Any CPU.Build.0 = Debug|Any CPU
		{3BA6E0DB-CFB0-449B-8421-C5973F87A249}.Release|Any CPU.ActiveCfg = Release|Any CPU
		{3BA6E0DB-CFB0-449B-8421-C5973F87A249}.Release|Any CPU.Build.0 = Release|Any CPU
	EndGlobalSection
	GlobalSection(SolutionProperties) = preSolution
		HideSolutionNode = FALSE
	EndGlobalSection
	GlobalSection(ExtensibilityGlobals) = postSolution
		SolutionGuid = {871BBB3B-F36F-4FB8-B870-EE1CF40BCA62}
	EndGlobalSection
EndGlobal
